
Microsoft Visual Studio Solution File, Format Version 12.00
# Visual Studio Version 17
VisualStudioVersion = 17.4.33110.190
MinimumVisualStudioVersion = 10.0.40219.1
Project("{9A19103F-16F7-4668-BE54-9A1E7A4F7556}") = "Client", "Client\Client.csproj", "{F6484C00-6096-4671-B781-DBEE8CCE84BF}"
EndProject
Project("{FAE04EC0-301F-11D3-BF4B-00C04F79EFBC}") = "ch01_DataType", "ch01_DataType\ch01_DataType.csproj", "{D713A012-6163-48B6-9DD5-1C527E16FA55}"
EndProject
Project("{FAE04EC0-301F-11D3-BF4B-00C04F79EFBC}") = "ch02_Array", "ch02_Array\ch02_Array.csproj", "{C679D8F1-FFA7-44B0-A066-934130A9AC42}"
EndProject
Project("{FAE04EC0-301F-11D3-BF4B-00C04F79EFBC}") = "ch03_List", "ch03_List\ch03_List.csproj", "{C8D8ED22-FCF6-4D06-A657-8D81E853D3CA}"
EndProject
Project("{FAE04EC0-301F-11D3-BF4B-00C04F79EFBC}") = "LeetCodeExam", "LeetCodeExam\LeetCodeExam.csproj", "{ADDE69B5-F593-493F-A6D0-709CA43F92F4}"
EndProject
Project("{FAE04EC0-301F-11D3-BF4B-00C04F79EFBC}") = "ch04_Stack", "ch04_Stack\ch04_Stack.csproj", "{151EBC6F-F853-494A-B5E6-EC52E9122D4B}"
EndProject
Project("{FAE04EC0-301F-11D3-BF4B-00C04F79EFBC}") = "ch05_Queue", "ch05_Queue\ch05_Queue.csproj", "{7854A6CE-B9FF-43FB-94EC-2BA046F375C6}"
EndProject
Project("{FAE04EC0-301F-11D3-BF4B-00C04F79EFBC}") = "ch06_Dictionary", "ch06_Dictionary\ch06_Dictionary.csproj", "{7A1C051A-559F-456C-BC75-B533DA44FBA3}"
EndProject
Project("{FAE04EC0-301F-11D3-BF4B-00C04F79EFBC}") = "ch07_Set", "ch07_Set\ch07_Set.csproj", "{E63677BA-A31A-4E11-98D9-7AD7C46659D9}"
EndProject
Project("{FAE04EC0-301F-11D3-BF4B-00C04F79EFBC}") = "ch08_Struct", "ch08_Struct\ch08_Struct.csproj", "{818FF40A-BE79-46D2-88BC-81BD683D730D}"
EndProject
Project("{FAE04EC0-301F-11D3-BF4B-00C04F79EFBC}") = "ch09_Tree", "ch09_Tree\ch09_Tree.csproj", "{BB02CB15-911F-446C-829D-1DD937372326}"
EndProject
Project("{FAE04EC0-301F-11D3-BF4B-00C04F79EFBC}") = "ch10_Heap", "ch10_Heap\ch10_Heap.csproj", "{930BC684-8EE5-4E82-BCD5-E93DDDD58510}"
EndProject
Project("{FAE04EC0-301F-11D3-BF4B-00C04F79EFBC}") = "ch11_Graph", "ch11_Graph\ch11_Graph.csproj", "{ABA8B454-E94E-41A6-8724-BABF2C108F1B}"
EndProject
Project("{FAE04EC0-301F-11D3-BF4B-00C04F79EFBC}") = "ch12_Sort", "ch12_Sort\ch12_Sort.csproj", "{80ED9B2D-EC0D-4EFD-997D-AE870BA4C033}"
EndProject
Project("{FAE04EC0-301F-11D3-BF4B-00C04F79EFBC}") = "ch13_Search", "ch13_Search\ch13_Search.csproj", "{E7863F48-73CB-4067-8CE4-5BD0A255D730}"
EndProject
Project("{2150E333-8FDC-42A3-9474-1A3956D46DE8}") = "DataStructures", "DataStructures", "{26B54CBA-5C6C-417F-A768-399071B5C316}"
EndProject
Global
	GlobalSection(SolutionConfigurationPlatforms) = preSolution
		Debug|Any CPU = Debug|Any CPU
		Release|Any CPU = Release|Any CPU
	EndGlobalSection
	GlobalSection(ProjectConfigurationPlatforms) = postSolution
		{F6484C00-6096-4671-B781-DBEE8CCE84BF}.Debug|Any CPU.ActiveCfg = Debug|Any CPU
		{F6484C00-6096-4671-B781-DBEE8CCE84BF}.Debug|Any CPU.Build.0 = Debug|Any CPU
		{F6484C00-6096-4671-B781-DBEE8CCE84BF}.Release|Any CPU.ActiveCfg = Release|Any CPU
		{F6484C00-6096-4671-B781-DBEE8CCE84BF}.Release|Any CPU.Build.0 = Release|Any CPU
		{D713A012-6163-48B6-9DD5-1C527E16FA55}.Debug|Any CPU.ActiveCfg = Debug|Any CPU
		{D713A012-6163-48B6-9DD5-1C527E16FA55}.Debug|Any CPU.Build.0 = Debug|Any CPU
		{D713A012-6163-48B6-9DD5-1C527E16FA55}.Release|Any CPU.ActiveCfg = Release|Any CPU
		{D713A012-6163-48B6-9DD5-1C527E16FA55}.Release|Any CPU.Build.0 = Release|Any CPU
		{C679D8F1-FFA7-44B0-A066-934130A9AC42}.Debug|Any CPU.ActiveCfg = Debug|Any CPU
		{C679D8F1-FFA7-44B0-A066-934130A9AC42}.Debug|Any CPU.Build.0 = Debug|Any CPU
		{C679D8F1-FFA7-44B0-A066-934130A9AC42}.Release|Any CPU.ActiveCfg = Release|Any CPU
		{C679D8F1-FFA7-44B0-A066-934130A9AC42}.Release|Any CPU.Build.0 = Release|Any CPU
		{C8D8ED22-FCF6-4D06-A657-8D81E853D3CA}.Debug|Any CPU.ActiveCfg = Debug|Any CPU
		{C8D8ED22-FCF6-4D06-A657-8D81E853D3CA}.Debug|Any CPU.Build.0 = Debug|Any CPU
		{C8D8ED22-FCF6-4D06-A657-8D81E853D3CA}.Release|Any CPU.ActiveCfg = Release|Any CPU
		{C8D8ED22-FCF6-4D06-A657-8D81E853D3CA}.Release|Any CPU.Build.0 = Release|Any CPU
		{ADDE69B5-F593-493F-A6D0-709CA43F92F4}.Debug|Any CPU.ActiveCfg = Debug|Any CPU
		{ADDE69B5-F593-493F-A6D0-709CA43F92F4}.Debug|Any CPU.Build.0 = Debug|Any CPU
		{ADDE69B5-F593-493F-A6D0-709CA43F92F4}.Release|Any CPU.ActiveCfg = Release|Any CPU
		{ADDE69B5-F593-493F-A6D0-709CA43F92F4}.Release|Any CPU.Build.0 = Release|Any CPU
		{151EBC6F-F853-494A-B5E6-EC52E9122D4B}.Debug|Any CPU.ActiveCfg = Debug|Any CPU
		{151EBC6F-F853-494A-B5E6-EC52E9122D4B}.Debug|Any CPU.Build.0 = Debug|Any CPU
		{151EBC6F-F853-494A-B5E6-EC52E9122D4B}.Release|Any CPU.ActiveCfg = Release|Any CPU
		{151EBC6F-F853-494A-B5E6-EC52E9122D4B}.Release|Any CPU.Build.0 = Release|Any CPU
		{7854A6CE-B9FF-43FB-94EC-2BA046F375C6}.Debug|Any CPU.ActiveCfg = Debug|Any CPU
		{7854A6CE-B9FF-43FB-94EC-2BA046F375C6}.Debug|Any CPU.Build.0 = Debug|Any CPU
		{7854A6CE-B9FF-43FB-94EC-2BA046F375C6}.Release|Any CPU.ActiveCfg = Release|Any CPU
		{7854A6CE-B9FF-43FB-94EC-2BA046F375C6}.Release|Any CPU.Build.0 = Release|Any CPU
		{7A1C051A-559F-456C-BC75-B533DA44FBA3}.Debug|Any CPU.ActiveCfg = Debug|Any CPU
		{7A1C051A-559F-456C-BC75-B533DA44FBA3}.Debug|Any CPU.Build.0 = Debug|Any CPU
		{7A1C051A-559F-456C-BC75-B533DA44FBA3}.Release|Any CPU.ActiveCfg = Release|Any CPU
		{7A1C051A-559F-456C-BC75-B533DA44FBA3}.Release|Any CPU.Build.0 = Release|Any CPU
		{E63677BA-A31A-4E11-98D9-7AD7C46659D9}.Debug|Any CPU.ActiveCfg = Debug|Any CPU
		{E63677BA-A31A-4E11-98D9-7AD7C46659D9}.Debug|Any CPU.Build.0 = Debug|Any CPU
		{E63677BA-A31A-4E11-98D9-7AD7C46659D9}.Release|Any CPU.ActiveCfg = Release|Any CPU
		{E63677BA-A31A-4E11-98D9-7AD7C46659D9}.Release|Any CPU.Build.0 = Release|Any CPU
		{818FF40A-BE79-46D2-88BC-81BD683D730D}.Debug|Any CPU.ActiveCfg = Debug|Any CPU
		{818FF40A-BE79-46D2-88BC-81BD683D730D}.Debug|Any CPU.Build.0 = Debug|Any CPU
		{818FF40A-BE79-46D2-88BC-81BD683D730D}.Release|Any CPU.ActiveCfg = Release|Any CPU
		{818FF40A-BE79-46D2-88BC-81BD683D730D}.Release|Any CPU.Build.0 = Release|Any CPU
		{BB02CB15-911F-446C-829D-1DD937372326}.Debug|Any CPU.ActiveCfg = Debug|Any CPU
		{BB02CB15-911F-446C-829D-1DD937372326}.Debug|Any CPU.Build.0 = Debug|Any CPU
		{BB02CB15-911F-446C-829D-1DD937372326}.Release|Any CPU.ActiveCfg = Release|Any CPU
		{BB02CB15-911F-446C-829D-1DD937372326}.Release|Any CPU.Build.0 = Release|Any CPU
		{930BC684-8EE5-4E82-BCD5-E93DDDD58510}.Debug|Any CPU.ActiveCfg = Debug|Any CPU
		{930BC684-8EE5-4E82-BCD5-E93DDDD58510}.Debug|Any CPU.Build.0 = Debug|Any CPU
		{930BC684-8EE5-4E82-BCD5-E93DDDD58510}.Release|Any CPU.ActiveCfg = Release|Any CPU
		{930BC684-8EE5-4E82-BCD5-E93DDDD58510}.Release|Any CPU.Build.0 = Release|Any CPU
		{ABA8B454-E94E-41A6-8724-BABF2C108F1B}.Debug|Any CPU.ActiveCfg = Debug|Any CPU
		{ABA8B454-E94E-41A6-8724-BABF2C108F1B}.Debug|Any CPU.Build.0 = Debug|Any CPU
		{ABA8B454-E94E-41A6-8724-BABF2C108F1B}.Release|Any CPU.ActiveCfg = Release|Any CPU
		{ABA8B454-E94E-41A6-8724-BABF2C108F1B}.Release|Any CPU.Build.0 = Release|Any CPU
		{80ED9B2D-EC0D-4EFD-997D-AE870BA4C033}.Debug|Any CPU.ActiveCfg = Debug|Any CPU
		{80ED9B2D-EC0D-4EFD-997D-AE870BA4C033}.Debug|Any CPU.Build.0 = Debug|Any CPU
		{80ED9B2D-EC0D-4EFD-997D-AE870BA4C033}.Release|Any CPU.ActiveCfg = Release|Any CPU
		{80ED9B2D-EC0D-4EFD-997D-AE870BA4C033}.Release|Any CPU.Build.0 = Release|Any CPU
		{E7863F48-73CB-4067-8CE4-5BD0A255D730}.Debug|Any CPU.ActiveCfg = Debug|Any CPU
		{E7863F48-73CB-4067-8CE4-5BD0A255D730}.Debug|Any CPU.Build.0 = Debug|Any CPU
		{E7863F48-73CB-4067-8CE4-5BD0A255D730}.Release|Any CPU.ActiveCfg = Release|Any CPU
		{E7863F48-73CB-4067-8CE4-5BD0A255D730}.Release|Any CPU.Build.0 = Release|Any CPU
	EndGlobalSection
	GlobalSection(SolutionProperties) = preSolution
		HideSolutionNode = FALSE
	EndGlobalSection
	GlobalSection(NestedProjects) = preSolution
		{D713A012-6163-48B6-9DD5-1C527E16FA55} = {26B54CBA-5C6C-417F-A768-399071B5C316}
		{C679D8F1-FFA7-44B0-A066-934130A9AC42} = {26B54CBA-5C6C-417F-A768-399071B5C316}
		{C8D8ED22-FCF6-4D06-A657-8D81E853D3CA} = {26B54CBA-5C6C-417F-A768-399071B5C316}
		{151EBC6F-F853-494A-B5E6-EC52E9122D4B} = {26B54CBA-5C6C-417F-A768-399071B5C316}
		{7854A6CE-B9FF-43FB-94EC-2BA046F375C6} = {26B54CBA-5C6C-417F-A768-399071B5C316}
		{7A1C051A-559F-456C-BC75-B533DA44FBA3} = {26B54CBA-5C6C-417F-A768-399071B5C316}
		{E63677BA-A31A-4E11-98D9-7AD7C46659D9} = {26B54CBA-5C6C-417F-A768-399071B5C316}
		{818FF40A-BE79-46D2-88BC-81BD683D730D} = {26B54CBA-5C6C-417F-A768-399071B5C316}
		{BB02CB15-911F-446C-829D-1DD937372326} = {26B54CBA-5C6C-417F-A768-399071B5C316}
		{930BC684-8EE5-4E82-BCD5-E93DDDD58510} = {26B54CBA-5C6C-417F-A768-399071B5C316}
		{ABA8B454-E94E-41A6-8724-BABF2C108F1B} = {26B54CBA-5C6C-417F-A768-399071B5C316}
		{80ED9B2D-EC0D-4EFD-997D-AE870BA4C033} = {26B54CBA-5C6C-417F-A768-399071B5C316}
		{E7863F48-73CB-4067-8CE4-5BD0A255D730} = {26B54CBA-5C6C-417F-A768-399071B5C316}
	EndGlobalSection
	GlobalSection(ExtensibilityGlobals) = postSolution
		SolutionGuid = {FE93979B-F1C0-4C14-A502-988F05C44FD7}
	EndGlobalSection
EndGlobal
